
Microsoft Visual Studio Solution File, Format Version 12.00
# Visual Studio Version 17
VisualStudioVersion = 17.0.32126.317
MinimumVisualStudioVersion = 10.0.40219.1
Project("{FAE04EC0-301F-11D3-BF4B-00C04F79EFBC}") = "LessionOnePartTwo", "LessionOnePartTwo.csproj", "{ED466FFD-63B4-4C44-97EA-4D8CBC232313}"
EndProject
Global
	GlobalSection(SolutionConfigurationPlatforms) = preSolution
		Debug|Any CPU = Debug|Any CPU
		Release|Any CPU = Release|Any CPU
	EndGlobalSection
	GlobalSection(ProjectConfigurationPlatforms) = postSolution
		{ED466FFD-63B4-4C44-97EA-4D8CBC232313}.Debug|Any CPU.ActiveCfg = Debug|Any CPU
		{ED466FFD-63B4-4C44-97EA-4D8CBC232313}.Debug|Any CPU.Build.0 = Debug|Any CPU
		{ED466FFD-63B4-4C44-97EA-4D8CBC232313}.Release|Any CPU.ActiveCfg = Release|Any CPU
		{ED466FFD-63B4-4C44-97EA-4D8CBC232313}.Release|Any CPU.Build.0 = Release|Any CPU
	EndGlobalSection
	GlobalSection(SolutionProperties) = preSolution
		HideSolutionNode = FALSE
	EndGlobalSection
	GlobalSection(ExtensibilityGlobals) = postSolution
		SolutionGuid = {95B7393F-1965-468C-9B43-BD8116D1BD01}
	EndGlobalSection
EndGlobal
